
Microsoft Visual Studio Solution File, Format Version 12.00
# Visual Studio Version 16
VisualStudioVersion = 16.0.30711.63
MinimumVisualStudioVersion = 10.0.40219.1
Project("{9A19103F-16F7-4668-BE54-9A1E7A4F7556}") = "VagabondK", "VagabondK\VagabondK.csproj", "{792B517F-AE6F-40C4-9EEB-54776AA87513}"
EndProject
Project("{2150E333-8FDC-42A3-9474-1A3956D46DE8}") = "Samples", "Samples", "{665FD0EA-83A7-4BA2-B722-85D637824FD7}"
EndProject
Global
	GlobalSection(SolutionConfigurationPlatforms) = preSolution
		Debug|Any CPU = Debug|Any CPU
		Release|Any CPU = Release|Any CPU
	EndGlobalSection
	GlobalSection(ProjectConfigurationPlatforms) = postSolution
		{792B517F-AE6F-40C4-9EEB-54776AA87513}.Debug|Any CPU.ActiveCfg = Debug|Any CPU
		{792B517F-AE6F-40C4-9EEB-54776AA87513}.Debug|Any CPU.Build.0 = Debug|Any CPU
		{792B517F-AE6F-40C4-9EEB-54776AA87513}.Release|Any CPU.ActiveCfg = Release|Any CPU
		{792B517F-AE6F-40C4-9EEB-54776AA87513}.Release|Any CPU.Build.0 = Release|Any CPU
	EndGlobalSection
	GlobalSection(SolutionProperties) = preSolution
		HideSolutionNode = FALSE
	EndGlobalSection
	GlobalSection(ExtensibilityGlobals) = postSolution
		SolutionGuid = {CB92484F-2392-413B-88D2-00E57018D6A0}
	EndGlobalSection
EndGlobal
